
Microsoft Visual Studio Solution File, Format Version 12.00
# Visual Studio Version 17
VisualStudioVersion = 17.5.33530.505
MinimumVisualStudioVersion = 10.0.40219.1
Project("{FAE04EC0-301F-11D3-BF4B-00C04F79EFBC}") = "web-rpg", "web-rpg\web-rpg.csproj", "{EBDC5D0E-6488-40A5-AE9A-B3532FD3ED6C}"
EndProject
Global
	GlobalSection(SolutionConfigurationPlatforms) = preSolution
		Debug|Any CPU = Debug|Any CPU
		Release|Any CPU = Release|Any CPU
	EndGlobalSection
	GlobalSection(ProjectConfigurationPlatforms) = postSolution
		{EBDC5D0E-6488-40A5-AE9A-B3532FD3ED6C}.Debug|Any CPU.ActiveCfg = Debug|Any CPU
		{EBDC5D0E-6488-40A5-AE9A-B3532FD3ED6C}.Debug|Any CPU.Build.0 = Debug|Any CPU
		{EBDC5D0E-6488-40A5-AE9A-B3532FD3ED6C}.Release|Any CPU.ActiveCfg = Release|Any CPU
		{EBDC5D0E-6488-40A5-AE9A-B3532FD3ED6C}.Release|Any CPU.Build.0 = Release|Any CPU
	EndGlobalSection
	GlobalSection(SolutionProperties) = preSolution
		HideSolutionNode = FALSE
	EndGlobalSection
	GlobalSection(ExtensibilityGlobals) = postSolution
		SolutionGuid = {41106199-916C-4A91-874E-2BD612F4F910}
	EndGlobalSection
EndGlobal
